
Microsoft Visual Studio Solution File, Format Version 12.00
# Visual Studio Version 17
VisualStudioVersion = 17.0.32014.148
MinimumVisualStudioVersion = 10.0.40219.1
Project("{9A19103F-16F7-4668-BE54-9A1E7A4F7556}") = "EntityFrameworkNet6Tre.ConsoleApp", "EntityFrameworkNet6Tre.ConsoleApp\EntityFrameworkNet6Tre.ConsoleApp.csproj", "{99C3081D-144B-416A-BB00-202789756E7F}"
EndProject
Project("{9A19103F-16F7-4668-BE54-9A1E7A4F7556}") = "EntityFrameworkNet6Tre.Data", "EntityFrameworkNet6Tre.Data\EntityFrameworkNet6Tre.Data.csproj", "{698D3DE9-F8F7-4D79-92A1-4F900C73D631}"
EndProject
Project("{9A19103F-16F7-4668-BE54-9A1E7A4F7556}") = "EntityFrameworkNet6Tre.Domain", "EntityFrameworkNet6Tre.Domain\EntityFrameworkNet6Tre.Domain.csproj", "{02AEDB3C-0D27-4383-84C1-738AB2650E90}"
EndProject
Project("{2150E333-8FDC-42A3-9474-1A3956D46DE8}") = "Solution Items", "Solution Items", "{5B74DCB9-095C-4B9C-8CB6-A1F0A26F453B}"
EndProject
Global
	GlobalSection(SolutionConfigurationPlatforms) = preSolution
		Debug|Any CPU = Debug|Any CPU
		Release|Any CPU = Release|Any CPU
	EndGlobalSection
	GlobalSection(ProjectConfigurationPlatforms) = postSolution
		{99C3081D-144B-416A-BB00-202789756E7F}.Debug|Any CPU.ActiveCfg = Debug|Any CPU
		{99C3081D-144B-416A-BB00-202789756E7F}.Debug|Any CPU.Build.0 = Debug|Any CPU
		{99C3081D-144B-416A-BB00-202789756E7F}.Release|Any CPU.ActiveCfg = Release|Any CPU
		{99C3081D-144B-416A-BB00-202789756E7F}.Release|Any CPU.Build.0 = Release|Any CPU
		{698D3DE9-F8F7-4D79-92A1-4F900C73D631}.Debug|Any CPU.ActiveCfg = Debug|Any CPU
		{698D3DE9-F8F7-4D79-92A1-4F900C73D631}.Debug|Any CPU.Build.0 = Debug|Any CPU
		{698D3DE9-F8F7-4D79-92A1-4F900C73D631}.Release|Any CPU.ActiveCfg = Release|Any CPU
		{698D3DE9-F8F7-4D79-92A1-4F900C73D631}.Release|Any CPU.Build.0 = Release|Any CPU
		{02AEDB3C-0D27-4383-84C1-738AB2650E90}.Debug|Any CPU.ActiveCfg = Debug|Any CPU
		{02AEDB3C-0D27-4383-84C1-738AB2650E90}.Debug|Any CPU.Build.0 = Debug|Any CPU
		{02AEDB3C-0D27-4383-84C1-738AB2650E90}.Release|Any CPU.ActiveCfg = Release|Any CPU
		{02AEDB3C-0D27-4383-84C1-738AB2650E90}.Release|Any CPU.Build.0 = Release|Any CPU
	EndGlobalSection
	GlobalSection(SolutionProperties) = preSolution
		HideSolutionNode = FALSE
	EndGlobalSection
	GlobalSection(ExtensibilityGlobals) = postSolution
		SolutionGuid = {DA0DE57B-1DAA-444C-94F1-FCD74D4D0C2F}
	EndGlobalSection
EndGlobal
